
Microsoft Visual Studio Solution File, Format Version 12.00
Project("{FAE04EC0-301F-11D3-BF4B-00C04F79EFBC}") = "NeuralNetworkCSharp", "NeuralNetworkCSharp\NeuralNetworkCSharp.csproj", "{5D3C5CDF-4656-44F1-B3FA-FB98086F9EB4}"
EndProject
Project("{FAE04EC0-301F-11D3-BF4B-00C04F79EFBC}") = "NeuralNetworkCSharp.UnitTest", "NeuralNetworkCSharp.UnitTest\NeuralNetworkCSharp.UnitTest.csproj", "{C5199D23-BDB6-499F-A492-35F6DE0D2534}"
EndProject
Project("{FAE04EC0-301F-11D3-BF4B-00C04F79EFBC}") = "NeuralNetworkCSharp.Benchmark", "NeuralNetworkCSharp.Benchmark\NeuralNetworkCSharp.Benchmark.csproj", "{F289B04E-B5BC-42B6-A4B2-39CBB35E117A}"
EndProject
Global
	GlobalSection(SolutionConfigurationPlatforms) = preSolution
		Debug|Any CPU = Debug|Any CPU
		Release|Any CPU = Release|Any CPU
	EndGlobalSection
	GlobalSection(ProjectConfigurationPlatforms) = postSolution
		{5D3C5CDF-4656-44F1-B3FA-FB98086F9EB4}.Debug|Any CPU.ActiveCfg = Debug|Any CPU
		{5D3C5CDF-4656-44F1-B3FA-FB98086F9EB4}.Debug|Any CPU.Build.0 = Debug|Any CPU
		{5D3C5CDF-4656-44F1-B3FA-FB98086F9EB4}.Release|Any CPU.ActiveCfg = Release|Any CPU
		{5D3C5CDF-4656-44F1-B3FA-FB98086F9EB4}.Release|Any CPU.Build.0 = Release|Any CPU
		{C5199D23-BDB6-499F-A492-35F6DE0D2534}.Debug|Any CPU.ActiveCfg = Debug|Any CPU
		{C5199D23-BDB6-499F-A492-35F6DE0D2534}.Debug|Any CPU.Build.0 = Debug|Any CPU
		{C5199D23-BDB6-499F-A492-35F6DE0D2534}.Release|Any CPU.ActiveCfg = Release|Any CPU
		{C5199D23-BDB6-499F-A492-35F6DE0D2534}.Release|Any CPU.Build.0 = Release|Any CPU
		{F289B04E-B5BC-42B6-A4B2-39CBB35E117A}.Debug|Any CPU.ActiveCfg = Debug|Any CPU
		{F289B04E-B5BC-42B6-A4B2-39CBB35E117A}.Debug|Any CPU.Build.0 = Debug|Any CPU
		{F289B04E-B5BC-42B6-A4B2-39CBB35E117A}.Release|Any CPU.ActiveCfg = Release|Any CPU
		{F289B04E-B5BC-42B6-A4B2-39CBB35E117A}.Release|Any CPU.Build.0 = Release|Any CPU
	EndGlobalSection
EndGlobal
